
Microsoft Visual Studio Solution File, Format Version 12.00
# Visual Studio Version 16
VisualStudioVersion = 16.0.30413.136
MinimumVisualStudioVersion = 10.0.40219.1
Project("{FAE04EC0-301F-11D3-BF4B-00C04F79EFBC}") = "NameParser", "NameParser\NameParser.csproj", "{78E0B494-46E2-437D-B88C-04B810BEA098}"
EndProject
Global
	GlobalSection(SolutionConfigurationPlatforms) = preSolution
		Debug|Any CPU = Debug|Any CPU
		Release|Any CPU = Release|Any CPU
	EndGlobalSection
	GlobalSection(ProjectConfigurationPlatforms) = postSolution
		{78E0B494-46E2-437D-B88C-04B810BEA098}.Debug|Any CPU.ActiveCfg = Debug|Any CPU
		{78E0B494-46E2-437D-B88C-04B810BEA098}.Debug|Any CPU.Build.0 = Debug|Any CPU
		{78E0B494-46E2-437D-B88C-04B810BEA098}.Release|Any CPU.ActiveCfg = Release|Any CPU
		{78E0B494-46E2-437D-B88C-04B810BEA098}.Release|Any CPU.Build.0 = Release|Any CPU
	EndGlobalSection
	GlobalSection(SolutionProperties) = preSolution
		HideSolutionNode = FALSE
	EndGlobalSection
	GlobalSection(ExtensibilityGlobals) = postSolution
		SolutionGuid = {1BE38E19-854B-4D94-90E8-627A9631D008}
	EndGlobalSection
EndGlobal
